// !$*UTF8*$!
{
	archiveVersion = 1;
	classes = {
	};
	objectVersion = 56;
	objects = {

/* Begin PBXBuildFile section */
		EA94690A2B0E146D00F6DFB7 /* AppDelegate.swift in Sources */ = {isa = PBXBuildFile; fileRef = EA9469092B0E146D00F6DFB7 /* AppDelegate.swift */; };
		EA94690C2B0E146D00F6DFB7 /* SceneDelegate.swift in Sources */ = {isa = PBXBuildFile; fileRef = EA94690B2B0E146D00F6DFB7 /* SceneDelegate.swift */; };
		EA94690E2B0E146D00F6DFB7 /* ViewController.swift in Sources */ = {isa = PBXBuildFile; fileRef = EA94690D2B0E146D00F6DFB7 /* ViewController.swift */; };
		EA9469132B0E146F00F6DFB7 /* Accent color.xcassets in Resources */ = {isa = PBXBuildFile; fileRef = EA9469122B0E146F00F6DFB7 /* Accent color.xcassets */; };
		EA9469162B0E146F00F6DFB7 /* LaunchScreen.storyboard in Resources */ = {isa = PBXBuildFile; fileRef = EA9469142B0E146F00F6DFB7 /* LaunchScreen.storyboard */; };
		EA94691E2B0E906C00F6DFB7 /* FeedViewController.swift in Sources */ = {isa = PBXBuildFile; fileRef = EA94691D2B0E906C00F6DFB7 /* FeedViewController.swift */; };
		EA9469202B0E90CA00F6DFB7 /* ProfileViewController.swift in Sources */ = {isa = PBXBuildFile; fileRef = EA94691F2B0E90CA00F6DFB7 /* ProfileViewController.swift */; };
		EA9469242B0E920E00F6DFB7 /* PostViewController.swift in Sources */ = {isa = PBXBuildFile; fileRef = EA9469232B0E920E00F6DFB7 /* PostViewController.swift */; };
		EA9469272B0FB6BB00F6DFB7 /* InfoViewController.swift in Sources */ = {isa = PBXBuildFile; fileRef = EA9469262B0FB6BB00F6DFB7 /* InfoViewController.swift */; };
		EA94692A2B0FE60E00F6DFB7 /* Post.swift in Sources */ = {isa = PBXBuildFile; fileRef = EA9469292B0FE60E00F6DFB7 /* Post.swift */; };
		EAA454352B13E56100636F07 /* ProfileHeaderView.swift in Sources */ = {isa = PBXBuildFile; fileRef = EAA454342B13E56100636F07 /* ProfileHeaderView.swift */; };
		EAA4543F2B2637B400636F07 /* LogInViewController.swift in Sources */ = {isa = PBXBuildFile; fileRef = EAA4543E2B2637B400636F07 /* LogInViewController.swift */; };
/* End PBXBuildFile section */

/* Begin PBXFileReference section */
		EA9469062B0E146D00F6DFB7 /* Navigation.app */ = {isa = PBXFileReference; explicitFileType = wrapper.application; includeInIndex = 0; path = Navigation.app; sourceTree = BUILT_PRODUCTS_DIR; };
		EA9469092B0E146D00F6DFB7 /* AppDelegate.swift */ = {isa = PBXFileReference; lastKnownFileType = sourcecode.swift; path = AppDelegate.swift; sourceTree = "<group>"; };
		EA94690B2B0E146D00F6DFB7 /* SceneDelegate.swift */ = {isa = PBXFileReference; lastKnownFileType = sourcecode.swift; path = SceneDelegate.swift; sourceTree = "<group>"; };
		EA94690D2B0E146D00F6DFB7 /* ViewController.swift */ = {isa = PBXFileReference; lastKnownFileType = sourcecode.swift; path = ViewController.swift; sourceTree = "<group>"; };
		EA9469122B0E146F00F6DFB7 /* Accent color.xcassets */ = {isa = PBXFileReference; lastKnownFileType = folder.assetcatalog; path = "Accent color.xcassets"; sourceTree = "<group>"; };
		EA9469152B0E146F00F6DFB7 /* Base */ = {isa = PBXFileReference; lastKnownFileType = file.storyboard; name = Base; path = Base.lproj/LaunchScreen.storyboard; sourceTree = "<group>"; };
		EA9469172B0E146F00F6DFB7 /* Info.plist */ = {isa = PBXFileReference; lastKnownFileType = text.plist.xml; path = Info.plist; sourceTree = "<group>"; };
		EA94691D2B0E906C00F6DFB7 /* FeedViewController.swift */ = {isa = PBXFileReference; lastKnownFileType = sourcecode.swift; path = FeedViewController.swift; sourceTree = "<group>"; };
		EA94691F2B0E90CA00F6DFB7 /* ProfileViewController.swift */ = {isa = PBXFileReference; lastKnownFileType = sourcecode.swift; path = ProfileViewController.swift; sourceTree = "<group>"; };
		EA9469232B0E920E00F6DFB7 /* PostViewController.swift */ = {isa = PBXFileReference; lastKnownFileType = sourcecode.swift; path = PostViewController.swift; sourceTree = "<group>"; };
		EA9469262B0FB6BB00F6DFB7 /* InfoViewController.swift */ = {isa = PBXFileReference; lastKnownFileType = sourcecode.swift; path = InfoViewController.swift; sourceTree = "<group>"; };
		EA9469292B0FE60E00F6DFB7 /* Post.swift */ = {isa = PBXFileReference; lastKnownFileType = sourcecode.swift; path = Post.swift; sourceTree = "<group>"; };
		EAA454342B13E56100636F07 /* ProfileHeaderView.swift */ = {isa = PBXFileReference; lastKnownFileType = sourcecode.swift; path = ProfileHeaderView.swift; sourceTree = "<group>"; };
		EAA4543E2B2637B400636F07 /* LogInViewController.swift */ = {isa = PBXFileReference; lastKnownFileType = sourcecode.swift; path = LogInViewController.swift; sourceTree = "<group>"; };
/* End PBXFileReference section */

/* Begin PBXFrameworksBuildPhase section */
		EA9469032B0E146D00F6DFB7 /* Frameworks */ = {
			isa = PBXFrameworksBuildPhase;
			buildActionMask = 2147483647;
			files = (
			);
			runOnlyForDeploymentPostprocessing = 0;
		};
/* End PBXFrameworksBuildPhase section */

/* Begin PBXGroup section */
		EA9468FD2B0E146D00F6DFB7 = {
			isa = PBXGroup;
			children = (
				EA9469082B0E146D00F6DFB7 /* Navigation */,
				EA9469072B0E146D00F6DFB7 /* Products */,
			);
			sourceTree = "<group>";
		};
		EA9469072B0E146D00F6DFB7 /* Products */ = {
			isa = PBXGroup;
			children = (
				EA9469062B0E146D00F6DFB7 /* Navigation.app */,
			);
			name = Products;
			sourceTree = "<group>";
		};
		EA9469082B0E146D00F6DFB7 /* Navigation */ = {
			isa = PBXGroup;
			children = (
				EA9469222B0E916A00F6DFB7 /* Resourses */,
				EA9469122B0E146F00F6DFB7 /* Accent color.xcassets */,
				EA9469142B0E146F00F6DFB7 /* LaunchScreen.storyboard */,
				EA9469172B0E146F00F6DFB7 /* Info.plist */,
			);
			path = Navigation;
			sourceTree = "<group>";
		};
		EA9469222B0E916A00F6DFB7 /* Resourses */ = {
			isa = PBXGroup;
			children = (
				EA9469092B0E146D00F6DFB7 /* AppDelegate.swift */,
				EA94690B2B0E146D00F6DFB7 /* SceneDelegate.swift */,
				EA9469252B0EA81700F6DFB7 /* ViewControllers */,
			);
			path = Resourses;
			sourceTree = "<group>";
		};
		EA9469252B0EA81700F6DFB7 /* ViewControllers */ = {
			isa = PBXGroup;
			children = (
				EA94691D2B0E906C00F6DFB7 /* FeedViewController.swift */,
				EA94690D2B0E146D00F6DFB7 /* ViewController.swift */,
				EA9469232B0E920E00F6DFB7 /* PostViewController.swift */,
				EA9469262B0FB6BB00F6DFB7 /* InfoViewController.swift */,
				EAA454332B13E52700636F07 /* Profile */,
				EA9469532B0FEDA500F6DFB7 /* Data */,
			);
			path = ViewControllers;
			sourceTree = "<group>";
		};
		EA9469532B0FEDA500F6DFB7 /* Data */ = {
			isa = PBXGroup;
			children = (
				EA9469292B0FE60E00F6DFB7 /* Post.swift */,
			);
			path = Data;
			sourceTree = "<group>";
		};
		EAA454332B13E52700636F07 /* Profile */ = {
			isa = PBXGroup;
			children = (
				EA94691F2B0E90CA00F6DFB7 /* ProfileViewController.swift */,
				EAA454342B13E56100636F07 /* ProfileHeaderView.swift */,
				EAA4543E2B2637B400636F07 /* LogInViewController.swift */,
			);
			path = Profile;
			sourceTree = "<group>";
		};
/* End PBXGroup section */

/* Begin PBXNativeTarget section */
		EA9469052B0E146D00F6DFB7 /* Navigation */ = {
			isa = PBXNativeTarget;
			buildConfigurationList = EA94691A2B0E146F00F6DFB7 /* Build configuration list for PBXNativeTarget "Navigation" */;
			buildPhases = (
				EA9469022B0E146D00F6DFB7 /* Sources */,
				EA9469032B0E146D00F6DFB7 /* Frameworks */,
				EA9469042B0E146D00F6DFB7 /* Resources */,
			);
			buildRules = (
			);
			dependencies = (
			);
			name = Navigation;
			productName = Navigation;
			productReference = EA9469062B0E146D00F6DFB7 /* Navigation.app */;
			productType = "com.apple.product-type.application";
		};
/* End PBXNativeTarget section */

/* Begin PBXProject section */
		EA9468FE2B0E146D00F6DFB7 /* Project object */ = {
			isa = PBXProject;
			attributes = {
				BuildIndependentTargetsInParallel = 1;
				LastSwiftUpdateCheck = 1430;
				LastUpgradeCheck = 1430;
				TargetAttributes = {
					EA9469052B0E146D00F6DFB7 = {
						CreatedOnToolsVersion = 14.3.1;
					};
				};
			};
			buildConfigurationList = EA9469012B0E146D00F6DFB7 /* Build configuration list for PBXProject "Navigation" */;
			compatibilityVersion = "Xcode 14.0";
			developmentRegion = en;
			hasScannedForEncodings = 0;
			knownRegions = (
				en,
				Base,
			);
			mainGroup = EA9468FD2B0E146D00F6DFB7;
			productRefGroup = EA9469072B0E146D00F6DFB7 /* Products */;
			projectDirPath = "";
			projectRoot = "";
			targets = (
				EA9469052B0E146D00F6DFB7 /* Navigation */,
			);
		};
/* End PBXProject section */

/* Begin PBXResourcesBuildPhase section */
		EA9469042B0E146D00F6DFB7 /* Resources */ = {
			isa = PBXResourcesBuildPhase;
			buildActionMask = 2147483647;
			files = (
				EA9469162B0E146F00F6DFB7 /* LaunchScreen.storyboard in Resources */,
				EA9469132B0E146F00F6DFB7 /* Accent color.xcassets in Resources */,
			);
			runOnlyForDeploymentPostprocessing = 0;
		};
/* End PBXResourcesBuildPhase section */

/* Begin PBXSourcesBuildPhase section */
		EA9469022B0E146D00F6DFB7 /* Sources */ = {
			isa = PBXSourcesBuildPhase;
			buildActionMask = 2147483647;
			files = (
				EA9469242B0E920E00F6DFB7 /* PostViewController.swift in Sources */,
				EA94690E2B0E146D00F6DFB7 /* ViewController.swift in Sources */,
				EA94690A2B0E146D00F6DFB7 /* AppDelegate.swift in Sources */,
				EA94692A2B0FE60E00F6DFB7 /* Post.swift in Sources */,
				EAA454352B13E56100636F07 /* ProfileHeaderView.swift in Sources */,
				EA9469272B0FB6BB00F6DFB7 /* InfoViewController.swift in Sources */,
				EA9469202B0E90CA00F6DFB7 /* ProfileViewController.swift in Sources */,
				EA94691E2B0E906C00F6DFB7 /* FeedViewController.swift in Sources */,
				EAA4543F2B2637B400636F07 /* LogInViewController.swift in Sources */,
				EA94690C2B0E146D00F6DFB7 /* SceneDelegate.swift in Sources */,
			);
			runOnlyForDeploymentPostprocessing = 0;
		};
/* End PBXSourcesBuildPhase section */

/* Begin PBXVariantGroup section */
		EA9469142B0E146F00F6DFB7 /* LaunchScreen.storyboard */ = {
			isa = PBXVariantGroup;
			children = (
				EA9469152B0E146F00F6DFB7 /* Base */,
			);
			name = LaunchScreen.storyboard;
			sourceTree = "<group>";
		};
/* End PBXVariantGroup section */

/* Begin XCBuildConfiguration section */
		EA9469182B0E146F00F6DFB7 /* Debug */ = {
			isa = XCBuildConfiguration;
			buildSettings = {
				ALWAYS_SEARCH_USER_PATHS = NO;
				CLANG_ANALYZER_NONNULL = YES;
				CLANG_ANALYZER_NUMBER_OBJECT_CONVERSION = YES_AGGRESSIVE;
				CLANG_CXX_LANGUAGE_STANDARD = "gnu++20";
				CLANG_ENABLE_MODULES = YES;
				CLANG_ENABLE_OBJC_ARC = YES;
				CLANG_ENABLE_OBJC_WEAK = YES;
				CLANG_WARN_BLOCK_CAPTURE_AUTORELEASING = YES;
				CLANG_WARN_BOOL_CONVERSION = YES;
				CLANG_WARN_COMMA = YES;
				CLANG_WARN_CONSTANT_CONVERSION = YES;
				CLANG_WARN_DEPRECATED_OBJC_IMPLEMENTATIONS = YES;
				CLANG_WARN_DIRECT_OBJC_ISA_USAGE = YES_ERROR;
				CLANG_WARN_DOCUMENTATION_COMMENTS = YES;
				CLANG_WARN_EMPTY_BODY = YES;
				CLANG_WARN_ENUM_CONVERSION = YES;
				CLANG_WARN_INFINITE_RECURSION = YES;
				CLANG_WARN_INT_CONVERSION = YES;
				CLANG_WARN_NON_LITERAL_NULL_CONVERSION = YES;
				CLANG_WARN_OBJC_IMPLICIT_RETAIN_SELF = YES;
				CLANG_WARN_OBJC_LITERAL_CONVERSION = YES;
				CLANG_WARN_OBJC_ROOT_CLASS = YES_ERROR;
				CLANG_WARN_QUOTED_INCLUDE_IN_FRAMEWORK_HEADER = YES;
				CLANG_WARN_RANGE_LOOP_ANALYSIS = YES;
				CLANG_WARN_STRICT_PROTOTYPES = YES;
				CLANG_WARN_SUSPICIOUS_MOVE = YES;
				CLANG_WARN_UNGUARDED_AVAILABILITY = YES_AGGRESSIVE;
				CLANG_WARN_UNREACHABLE_CODE = YES;
				CLANG_WARN__DUPLICATE_METHOD_MATCH = YES;
				COPY_PHASE_STRIP = NO;
				DEBUG_INFORMATION_FORMAT = dwarf;
				ENABLE_STRICT_OBJC_MSGSEND = YES;
				ENABLE_TESTABILITY = YES;
				GCC_C_LANGUAGE_STANDARD = gnu11;
				GCC_DYNAMIC_NO_PIC = NO;
				GCC_NO_COMMON_BLOCKS = YES;
				GCC_OPTIMIZATION_LEVEL = 0;
				GCC_PREPROCESSOR_DEFINITIONS = (
					"DEBUG=1",
					"$(inherited)",
				);
				GCC_WARN_64_TO_32_BIT_CONVERSION = YES;
				GCC_WARN_ABOUT_RETURN_TYPE = YES_ERROR;
				GCC_WARN_UNDECLARED_SELECTOR = YES;
				GCC_WARN_UNINITIALIZED_AUTOS = YES_AGGRESSIVE;
				GCC_WARN_UNUSED_FUNCTION = YES;
				GCC_WARN_UNUSED_VARIABLE = YES;
				IPHONEOS_DEPLOYMENT_TARGET = 16.4;
				MTL_ENABLE_DEBUG_INFO = INCLUDE_SOURCE;
				MTL_FAST_MATH = YES;
				ONLY_ACTIVE_ARCH = YES;
				SDKROOT = iphoneos;
				SWIFT_ACTIVE_COMPILATION_CONDITIONS = DEBUG;
				SWIFT_OPTIMIZATION_LEVEL = "-Onone";
			};
			name = Debug;
		};
		EA9469192B0E146F00F6DFB7 /* Release */ = {
			isa = XCBuildConfiguration;
			buildSettings = {
				ALWAYS_SEARCH_USER_PATHS = NO;
				CLANG_ANALYZER_NONNULL = YES;
				CLANG_ANALYZER_NUMBER_OBJECT_CONVERSION = YES_AGGRESSIVE;
				CLANG_CXX_LANGUAGE_STANDARD = "gnu++20";
				CLANG_ENABLE_MODULES = YES;
				CLANG_ENABLE_OBJC_ARC = YES;
				CLANG_ENABLE_OBJC_WEAK = YES;
				CLANG_WARN_BLOCK_CAPTURE_AUTORELEASING = YES;
				CLANG_WARN_BOOL_CONVERSION = YES;
				CLANG_WARN_COMMA = YES;
				CLANG_WARN_CONSTANT_CONVERSION = YES;
				CLANG_WARN_DEPRECATED_OBJC_IMPLEMENTATIONS = YES;
				CLANG_WARN_DIRECT_OBJC_ISA_USAGE = YES_ERROR;
				CLANG_WARN_DOCUMENTATION_COMMENTS = YES;
				CLANG_WARN_EMPTY_BODY = YES;
				CLANG_WARN_ENUM_CONVERSION = YES;
				CLANG_WARN_INFINITE_RECURSION = YES;
				CLANG_WARN_INT_CONVERSION = YES;
				CLANG_WARN_NON_LITERAL_NULL_CONVERSION = YES;
				CLANG_WARN_OBJC_IMPLICIT_RETAIN_SELF = YES;
				CLANG_WARN_OBJC_LITERAL_CONVERSION = YES;
				CLANG_WARN_OBJC_ROOT_CLASS = YES_ERROR;
				CLANG_WARN_QUOTED_INCLUDE_IN_FRAMEWORK_HEADER = YES;
				CLANG_WARN_RANGE_LOOP_ANALYSIS = YES;
				CLANG_WARN_STRICT_PROTOTYPES = YES;
				CLANG_WARN_SUSPICIOUS_MOVE = YES;
				CLANG_WARN_UNGUARDED_AVAILABILITY = YES_AGGRESSIVE;
				CLANG_WARN_UNREACHABLE_CODE = YES;
				CLANG_WARN__DUPLICATE_METHOD_MATCH = YES;
				COPY_PHASE_STRIP = NO;
				DEBUG_INFORMATION_FORMAT = "dwarf-with-dsym";
				ENABLE_NS_ASSERTIONS = NO;
				ENABLE_STRICT_OBJC_MSGSEND = YES;
				GCC_C_LANGUAGE_STANDARD = gnu11;
				GCC_NO_COMMON_BLOCKS = YES;
				GCC_WARN_64_TO_32_BIT_CONVERSION = YES;
				GCC_WARN_ABOUT_RETURN_TYPE = YES_ERROR;
				GCC_WARN_UNDECLARED_SELECTOR = YES;
				GCC_WARN_UNINITIALIZED_AUTOS = YES_AGGRESSIVE;
				GCC_WARN_UNUSED_FUNCTION = YES;
				GCC_WARN_UNUSED_VARIABLE = YES;
				IPHONEOS_DEPLOYMENT_TARGET = 16.4;
				MTL_ENABLE_DEBUG_INFO = NO;
				MTL_FAST_MATH = YES;
				SDKROOT = iphoneos;
				SWIFT_COMPILATION_MODE = wholemodule;
				SWIFT_OPTIMIZATION_LEVEL = "-O";
				VALIDATE_PRODUCT = YES;
			};
			name = Release;
		};
		EA94691B2B0E146F00F6DFB7 /* Debug */ = {
			isa = XCBuildConfiguration;
			buildSettings = {
				ASSETCATALOG_COMPILER_APPICON_NAME = AppIcon;
				ASSETCATALOG_COMPILER_GLOBAL_ACCENT_COLOR_NAME = AccentColor;
				CODE_SIGN_STYLE = Automatic;
				CURRENT_PROJECT_VERSION = 1;
				GENERATE_INFOPLIST_FILE = YES;
				INFOPLIST_FILE = Navigation/Info.plist;
				INFOPLIST_KEY_UIApplicationSupportsIndirectInputEvents = YES;
				INFOPLIST_KEY_UILaunchStoryboardName = LaunchScreen;
				INFOPLIST_KEY_UISupportedInterfaceOrientations_iPad = "UIInterfaceOrientationPortrait UIInterfaceOrientationPortraitUpsideDown UIInterfaceOrientationLandscapeLeft UIInterfaceOrientationLandscapeRight";
				INFOPLIST_KEY_UISupportedInterfaceOrientations_iPhone = "UIInterfaceOrientationPortrait UIInterfaceOrientationLandscapeLeft UIInterfaceOrientationLandscapeRight";
				LD_RUNPATH_SEARCH_PATHS = (
					"$(inherited)",
					"@executable_path/Frameworks",
				);
				MARKETING_VERSION = 1.0;
				PRODUCT_BUNDLE_IDENTIFIER = com.Navigation.Navigation;
				PRODUCT_NAME = "$(TARGET_NAME)";
				SWIFT_EMIT_LOC_STRINGS = YES;
				SWIFT_VERSION = 5.0;
				TARGETED_DEVICE_FAMILY = "1,2";
			};
			name = Debug;
		};
		EA94691C2B0E146F00F6DFB7 /* Release */ = {
			isa = XCBuildConfiguration;
			buildSettings = {
				ASSETCATALOG_COMPILER_APPICON_NAME = AppIcon;
				ASSETCATALOG_COMPILER_GLOBAL_ACCENT_COLOR_NAME = AccentColor;
				CODE_SIGN_STYLE = Automatic;
				CURRENT_PROJECT_VERSION = 1;
				GENERATE_INFOPLIST_FILE = YES;
				INFOPLIST_FILE = Navigation/Info.plist;
				INFOPLIST_KEY_UIApplicationSupportsIndirectInputEvents = YES;
				INFOPLIST_KEY_UILaunchStoryboardName = LaunchScreen;
				INFOPLIST_KEY_UISupportedInterfaceOrientations_iPad = "UIInterfaceOrientationPortrait UIInterfaceOrientationPortraitUpsideDown UIInterfaceOrientationLandscapeLeft UIInterfaceOrientationLandscapeRight";
				INFOPLIST_KEY_UISupportedInterfaceOrientations_iPhone = "UIInterfaceOrientationPortrait UIInterfaceOrientationLandscapeLeft UIInterfaceOrientationLandscapeRight";
				LD_RUNPATH_SEARCH_PATHS = (
					"$(inherited)",
					"@executable_path/Frameworks",
				);
				MARKETING_VERSION = 1.0;
				PRODUCT_BUNDLE_IDENTIFIER = com.Navigation.Navigation;
				PRODUCT_NAME = "$(TARGET_NAME)";
				SWIFT_EMIT_LOC_STRINGS = YES;
				SWIFT_VERSION = 5.0;
				TARGETED_DEVICE_FAMILY = "1,2";
			};
			name = Release;
		};
/* End XCBuildConfiguration section */

/* Begin XCConfigurationList section */
		EA9469012B0E146D00F6DFB7 /* Build configuration list for PBXProject "Navigation" */ = {
			isa = XCConfigurationList;
			buildConfigurations = (
				EA9469182B0E146F00F6DFB7 /* Debug */,
				EA9469192B0E146F00F6DFB7 /* Release */,
			);
			defaultConfigurationIsVisible = 0;
			defaultConfigurationName = Release;
		};
		EA94691A2B0E146F00F6DFB7 /* Build configuration list for PBXNativeTarget "Navigation" */ = {
			isa = XCConfigurationList;
			buildConfigurations = (
				EA94691B2B0E146F00F6DFB7 /* Debug */,
				EA94691C2B0E146F00F6DFB7 /* Release */,
			);
			defaultConfigurationIsVisible = 0;
			defaultConfigurationName = Release;
		};
/* End XCConfigurationList section */
	};
	rootObject = EA9468FE2B0E146D00F6DFB7 /* Project object */;
}
